
Microsoft Visual Studio Solution File, Format Version 12.00
# Visual Studio Version 16
VisualStudioVersion = 16.0.30523.141
MinimumVisualStudioVersion = 10.0.40219.1
Project("{8BC9CEB8-8B4A-11D0-8D11-00A0C91BC942}") = "In This World", "In This World.vcxproj", "{3DE2162F-5564-4D3A-A01B-63825AED9B46}"
EndProject
Global
	GlobalSection(SolutionConfigurationPlatforms) = preSolution
		Debug|x64 = Debug|x64
		Debug|x86 = Debug|x86
		Release|x64 = Release|x64
		Release|x86 = Release|x86
	EndGlobalSection
	GlobalSection(ProjectConfigurationPlatforms) = postSolution
		{3DE2162F-5564-4D3A-A01B-63825AED9B46}.Debug|x64.ActiveCfg = Debug|x64
		{3DE2162F-5564-4D3A-A01B-63825AED9B46}.Debug|x64.Build.0 = Debug|x64
		{3DE2162F-5564-4D3A-A01B-63825AED9B46}.Debug|x86.ActiveCfg = Debug|Win32
		{3DE2162F-5564-4D3A-A01B-63825AED9B46}.Debug|x86.Build.0 = Debug|Win32
		{3DE2162F-5564-4D3A-A01B-63825AED9B46}.Release|x64.ActiveCfg = Release|x64
		{3DE2162F-5564-4D3A-A01B-63825AED9B46}.Release|x64.Build.0 = Release|x64
		{3DE2162F-5564-4D3A-A01B-63825AED9B46}.Release|x86.ActiveCfg = Release|Win32
		{3DE2162F-5564-4D3A-A01B-63825AED9B46}.Release|x86.Build.0 = Release|Win32
	EndGlobalSection
	GlobalSection(SolutionProperties) = preSolution
		HideSolutionNode = FALSE
	EndGlobalSection
	GlobalSection(ExtensibilityGlobals) = postSolution
		SolutionGuid = {AE68E995-13E7-499C-96B0-DD4FA7F634E9}
	EndGlobalSection
EndGlobal
